PODS:
  - Charts (3.0.4):
    - Charts/Core (= 3.0.4)
  - Charts/Core (3.0.4)
  - HGCircularSlider (2.0.0)
  - LGAlertView (2.0.13)

DEPENDENCIES:
  - Charts
  - HGCircularSlider
  - LGAlertView (~> 2.0.13)

SPEC CHECKSUMS:
  Charts: 0705898046257443f0afbbc3179f4b67507b6e48
  HGCircularSlider: 92e2ee098c814709f455b8f46cd9008147f6a869
  LGAlertView: 9a5dcbf4f81b02b718083539d7f222280adc9547

PODFILE CHECKSUM: 423d656129e5e36906be727b0c65c287c853f5af

COCOAPODS: 1.4.0.beta.2
